Microsoft Visual Studio Solution File, Format Version 12.00
# Visual Studio Version 17
VisualStudioVersion = 17.5.2.0
MinimumVisualStudioVersion = 10.0.40219.1
Project("{FAE04EC0-301F-11D3-BF4B-00C04F79EFBC}") = "FitTracker.Api", "FitTracker.Api\FitTracker.Api.csproj", "{6B2C2184-0F55-FAA4-2659-B7CAF2C01A1E}"
EndProject
Global
	GlobalSection(SolutionConfigurationPlatforms) = preSolution
		Debug|Any CPU = Debug|Any CPU
		Release|Any CPU = Release|Any CPU
	EndGlobalSection
	GlobalSection(ProjectConfigurationPlatforms) = postSolution
		{6B2C2184-0F55-FAA4-2659-B7CAF2C01A1E}.Debug|Any CPU.ActiveCfg = Debug|Any CPU
		{6B2C2184-0F55-FAA4-2659-B7CAF2C01A1E}.Debug|Any CPU.Build.0 = Debug|Any CPU
		{6B2C2184-0F55-FAA4-2659-B7CAF2C01A1E}.Release|Any CPU.ActiveCfg = Release|Any CPU
		{6B2C2184-0F55-FAA4-2659-B7CAF2C01A1E}.Release|Any CPU.Build.0 = Release|Any CPU
	EndGlobalSection
	GlobalSection(SolutionProperties) = preSolution
		HideSolutionNode = FALSE
	EndGlobalSection
	GlobalSection(ExtensibilityGlobals) = postSolution
		SolutionGuid = {A1EEB3A0-A2EB-4EFE-BA5E-20D62E29D30E}
	EndGlobalSection
EndGlobal
